{
  "name": "vue2-starter-kit",
  "version": "0.1.0",
  "lockfileVersion": 1,
  "requires": true,
  "dependencies": {
    "axios": {
      "version": "0.21.1",
      "resolved": "https://registry.npmjs.org/axios/-/axios-0.21.1.tgz",
      "integrity": "sha512-dKQiRHxGD9PPRIUNIWvZhPTPpl1rf/OxTYKsqKUDjBwYylTvV7SjSHJb9ratfyzM6wCdLCOYLzs73qpg5c4iGA==",
      "requires": {
        "follow-redirects": "^1.10.0"
      }
    },
    "core-js": {
      "version": "3.8.2",
      "resolved": "https://registry.npmjs.org/core-js/-/core-js-3.8.2.tgz",
      "integrity": "sha512-FfApuSRgrR6G5s58casCBd9M2k+4ikuu4wbW6pJyYU7bd9zvFc9qf7vr5xmrZOhT9nn+8uwlH1oRR9jTnFoA3A=="
    },
    "follow-redirects": {
      "version": "1.13.1",
      "resolved": "https://registry.npmjs.org/follow-redirects/-/follow-redirects-1.13.1.tgz",
      "integrity": "sha512-SSG5xmZh1mkPGyKzjZP8zLjltIfpW32Y5QpdNJyjcfGxK3qo3NDDkZOZSFiGn1A6SclQxY9GzEwAHQ3dmYRWpg=="
    },
    "inherits": {
      "version": "2.0.3",
      "resolved": "https://registry.npmjs.org/inherits/-/inherits-2.0.3.tgz",
      "integrity": "sha1-Yzwsg+PaQqUC9SRmAiSA9CCCYd4="
    },
    "path": {
      "version": "0.12.7",
      "resolved": "https://registry.npmjs.org/path/-/path-0.12.7.tgz",
      "integrity": "sha1-1NwqUGxM4hl+tIHr/NWzbAFAsQ8=",
      "requires": {
        "process": "^0.11.1",
        "util": "^0.10.3"
      }
    },
    "process": {
      "version": "0.11.10",
      "resolved": "https://registry.npmjs.org/process/-/process-0.11.10.tgz",
      "integrity": "sha1-czIwDoQBYb2j5podHZGn1LwW8YI="
    },
    "util": {
      "version": "0.10.4",
      "resolved": "https://registry.npmjs.org/util/-/util-0.10.4.tgz",
      "integrity": "sha512-0Pm9hTQ3se5ll1XihRic3FDIku70C+iHUdT/W926rSgHV5QgXsYbKZN8MSC3tJtSkhuROzvsQjAaFENRXr+19A==",
      "requires": {
        "inherits": "2.0.3"
      }
    },
    "v-currency-field": {
      "version": "3.1.1",
      "resolved": "https://registry.npmjs.org/v-currency-field/-/v-currency-field-3.1.1.tgz",
      "integrity": "sha512-1Jlk+RmHTX2uFRmN70hX0R2JOKtlNLNTlQZArrAYrFEWvZR34Cii/kNMXptBS97rVXs31tw5nZ11H6+qJI4gvA=="
    },
    "vue": {
      "version": "2.6.12",
      "resolved": "https://registry.npmjs.org/vue/-/vue-2.6.12.tgz",
      "integrity": "sha512-uhmLFETqPPNyuLLbsKz6ioJ4q7AZHzD8ZVFNATNyICSZouqP2Sz0rotWQC8UNBF6VGSCs5abnKJoStA6JbCbfg=="
    },
    "vue-axios": {
      "version": "3.2.2",
      "resolved": "https://registry.npmjs.org/vue-axios/-/vue-axios-3.2.2.tgz",
      "integrity": "sha512-kRhbZOOp9p+iEB46mtC7tfwYlvmycLUsdNUjC+24So6PkhK9VathdEP0d5OcR2QDb/Z+JNTs4i8DzJEGbx9zOg=="
    },
    "vue-i18n": {
      "version": "8.22.3",
      "resolved": "https://registry.npmjs.org/vue-i18n/-/vue-i18n-8.22.3.tgz",
      "integrity": "sha512-Vhyx7sZEmmW/aZLkzSlXei08Rv3hTondx4J9wbOjnThocTIK1QiXV6QRdT4BTnhT24JixDSf6kGkxqCXSaJ3Jw=="
    },
    "vue-router": {
      "version": "3.4.9",
      "resolved": "https://registry.npmjs.org/vue-router/-/vue-router-3.4.9.tgz",
      "integrity": "sha512-CGAKWN44RqXW06oC+u4mPgHLQQi2t6vLD/JbGRDAXm0YpMv0bgpKuU5bBd7AvMgfTz9kXVRIWKHqRwGEb8xFkA=="
    },
    "vuetify": {
      "version": "2.4.2",
      "resolved": "https://registry.npmjs.org/vuetify/-/vuetify-2.4.2.tgz",
      "integrity": "sha512-8W1928Fv6GKwLiOThutYf2wtD5C9+vcCavlI8NT0YxNOVvluoL8xrep8mGGwDsCkay+4LzaAX92owKeNi3kpWg=="
    },
    "vuex": {
      "version": "3.6.0",
      "resolved": "https://registry.npmjs.org/vuex/-/vuex-3.6.0.tgz",
      "integrity": "sha512-W74OO2vCJPs9/YjNjW8lLbj+jzT24waTo2KShI8jLvJW8OaIkgb3wuAMA7D+ZiUxDOx3ubwSZTaJBip9G8a3aQ=="
    }
  }
}
